
Microsoft Visual Studio Solution File, Format Version 12.00
# Visual Studio Version 17
VisualStudioVersion = 17.8.34330.188
MinimumVisualStudioVersion = 10.0.40219.1
Project("{FAE04EC0-301F-11D3-BF4B-00C04F79EFBC}") = "E_commerce", "E_commerce_GUI\E_commerce.csproj", "{B2CCD176-398C-452A-8373-D5609C313D77}"
EndProject
Global
	GlobalSection(SolutionConfigurationPlatforms) = preSolution
		Debug|Any CPU = Debug|Any CPU
		Release|Any CPU = Release|Any CPU
	EndGlobalSection
	GlobalSection(ProjectConfigurationPlatforms) = postSolution
		{B2CCD176-398C-452A-8373-D5609C313D77}.Debug|Any CPU.ActiveCfg = Debug|Any CPU
		{B2CCD176-398C-452A-8373-D5609C313D77}.Debug|Any CPU.Build.0 = Debug|Any CPU
		{B2CCD176-398C-452A-8373-D5609C313D77}.Release|Any CPU.ActiveCfg = Release|Any CPU
		{B2CCD176-398C-452A-8373-D5609C313D77}.Release|Any CPU.Build.0 = Release|Any CPU
	EndGlobalSection
	GlobalSection(SolutionProperties) = preSolution
		HideSolutionNode = FALSE
	EndGlobalSection
	GlobalSection(ExtensibilityGlobals) = postSolution
		SolutionGuid = {F7CB074F-2095-4188-BA2A-C5387EB238E2}
	EndGlobalSection
EndGlobal
